// !$*UTF8*$!
{
	archiveVersion = 1;
	classes = {
	};
	objectVersion = 51;
	objects = {

/* Begin PBXBuildFile section */
		1D33C1E9FC94E03227D1F3B1 /* Pods_Plantech_iOS.framework in Frameworks */ = {isa = PBXBuildFile; fileRef = 60E16891BB7D2CFDB975850E /* Pods_Plantech_iOS.framework */; };
		B72236C3266F2B1800E8DC06 /* LoginViewController.swift in Sources */ = {isa = PBXBuildFile; fileRef = B72236C2266F2B1800E8DC06 /* LoginViewController.swift */; };
		B72236C6266F2B2300E8DC06 /* RegisterViewController.swift in Sources */ = {isa = PBXBuildFile; fileRef = B72236C5266F2B2300E8DC06 /* RegisterViewController.swift */; };
		B7AD0D54266E643D0023541F /* AppDelegate.swift in Sources */ = {isa = PBXBuildFile; fileRef = B7AD0D53266E643D0023541F /* AppDelegate.swift */; };
		B7AD0D56266E643D0023541F /* SceneDelegate.swift in Sources */ = {isa = PBXBuildFile; fileRef = B7AD0D55266E643D0023541F /* SceneDelegate.swift */; };
		B7AD0D58266E643D0023541F /* WelcomeViewController.swift in Sources */ = {isa = PBXBuildFile; fileRef = B7AD0D57266E643D0023541F /* WelcomeViewController.swift */; };
		B7AD0D5B266E643D0023541F /* Main.storyboard in Resources */ = {isa = PBXBuildFile; fileRef = B7AD0D59266E643D0023541F /* Main.storyboard */; };
		B7AD0D5D266E64410023541F /* Assets.xcassets in Resources */ = {isa = PBXBuildFile; fileRef = B7AD0D5C266E64410023541F /* Assets.xcassets */; };
		B7AD0D60266E64410023541F /* LaunchScreen.storyboard in Resources */ = {isa = PBXBuildFile; fileRef = B7AD0D5E266E64410023541F /* LaunchScreen.storyboard */; };
		B7AD0D69266E67690023541F /* GraphViewController.swift in Sources */ = {isa = PBXBuildFile; fileRef = B7AD0D68266E67690023541F /* GraphViewController.swift */; };
		B7AD0D6D266E67820023541F /* OptionsViewController.swift in Sources */ = {isa = PBXBuildFile; fileRef = B7AD0D6C266E67820023541F /* OptionsViewController.swift */; };
		B7AD0D70266E67A20023541F /* Options.plist in Resources */ = {isa = PBXBuildFile; fileRef = B7AD0D6F266E67A20023541F /* Options.plist */; };
		B7B4D1712684531100A20502 /* Sensor.swift in Sources */ = {isa = PBXBuildFile; fileRef = B7B4D1702684531100A20502 /* Sensor.swift */; };
		B7D7653B266E6F8200630B1D /* CallManager.swift in Sources */ = {isa = PBXBuildFile; fileRef = B7D7653A266E6F8200630B1D /* CallManager.swift */; };
		B7D7653F266E703A00630B1D /* Measurement.swift in Sources */ = {isa = PBXBuildFile; fileRef = B7D7653E266E703A00630B1D /* Measurement.swift */; };
		B7D98CA82691CA75009BA1CA /* Account.swift in Sources */ = {isa = PBXBuildFile; fileRef = B7D98CA72691CA75009BA1CA /* Account.swift */; };
/* End PBXBuildFile section */

/* Begin PBXFileReference section */
		42DE8F5FBECBEDECECF411E6 /* Pods-Plantech-iOS.debug.xcconfig */ = {isa = PBXFileReference; includeInIndex = 1; lastKnownFileType = text.xcconfig; name = "Pods-Plantech-iOS.debug.xcconfig"; path = "Target Support Files/Pods-Plantech-iOS/Pods-Plantech-iOS.debug.xcconfig"; sourceTree = "<group>"; };
		494DC77AFF992DAD1C8B6E24 /* Pods-Plantech-iOS.release.xcconfig */ = {isa = PBXFileReference; includeInIndex = 1; lastKnownFileType = text.xcconfig; name = "Pods-Plantech-iOS.release.xcconfig"; path = "Target Support Files/Pods-Plantech-iOS/Pods-Plantech-iOS.release.xcconfig"; sourceTree = "<group>"; };
		60E16891BB7D2CFDB975850E /* Pods_Plantech_iOS.framework */ = {isa = PBXFileReference; explicitFileType = wrapper.framework; includeInIndex = 0; path = Pods_Plantech_iOS.framework; sourceTree = BUILT_PRODUCTS_DIR; };
		B72236C2266F2B1800E8DC06 /* LoginViewController.swift */ = {isa = PBXFileReference; lastKnownFileType = sourcecode.swift; path = LoginViewController.swift; sourceTree = "<group>"; };
		B72236C5266F2B2300E8DC06 /* RegisterViewController.swift */ = {isa = PBXFileReference; lastKnownFileType = sourcecode.swift; path = RegisterViewController.swift; sourceTree = "<group>"; };
		B7AD0D50266E643D0023541F /* Plantech-iOS.app */ = {isa = PBXFileReference; explicitFileType = wrapper.application; includeInIndex = 0; path = "Plantech-iOS.app"; sourceTree = BUILT_PRODUCTS_DIR; };
		B7AD0D53266E643D0023541F /* AppDelegate.swift */ = {isa = PBXFileReference; lastKnownFileType = sourcecode.swift; path = AppDelegate.swift; sourceTree = "<group>"; };
		B7AD0D55266E643D0023541F /* SceneDelegate.swift */ = {isa = PBXFileReference; lastKnownFileType = sourcecode.swift; path = SceneDelegate.swift; sourceTree = "<group>"; };
		B7AD0D57266E643D0023541F /* WelcomeViewController.swift */ = {isa = PBXFileReference; lastKnownFileType = sourcecode.swift; path = WelcomeViewController.swift; sourceTree = "<group>"; };
		B7AD0D5A266E643D0023541F /* Base */ = {isa = PBXFileReference; lastKnownFileType = file.storyboard; name = Base; path = Base.lproj/Main.storyboard; sourceTree = "<group>"; };
		B7AD0D5C266E64410023541F /* Assets.xcassets */ = {isa = PBXFileReference; lastKnownFileType = folder.assetcatalog; path = Assets.xcassets; sourceTree = "<group>"; };
		B7AD0D5F266E64410023541F /* Base */ = {isa = PBXFileReference; lastKnownFileType = file.storyboard; name = Base; path = Base.lproj/LaunchScreen.storyboard; sourceTree = "<group>"; };
		B7AD0D61266E64410023541F /* Info.plist */ = {isa = PBXFileReference; lastKnownFileType = text.plist.xml; path = Info.plist; sourceTree = "<group>"; };
		B7AD0D68266E67690023541F /* GraphViewController.swift */ = {isa = PBXFileReference; lastKnownFileType = sourcecode.swift; path = GraphViewController.swift; sourceTree = "<group>"; };
		B7AD0D6C266E67820023541F /* OptionsViewController.swift */ = {isa = PBXFileReference; lastKnownFileType = sourcecode.swift; path = OptionsViewController.swift; sourceTree = "<group>"; };
		B7AD0D6F266E67A20023541F /* Options.plist */ = {isa = PBXFileReference; lastKnownFileType = text.plist.xml; path = Options.plist; sourceTree = "<group>"; };
		B7B4D1702684531100A20502 /* Sensor.swift */ = {isa = PBXFileReference; lastKnownFileType = sourcecode.swift; path = Sensor.swift; sourceTree = "<group>"; };
		B7D7653A266E6F8200630B1D /* CallManager.swift */ = {isa = PBXFileReference; lastKnownFileType = sourcecode.swift; path = CallManager.swift; sourceTree = "<group>"; };
		B7D7653E266E703A00630B1D /* Measurement.swift */ = {isa = PBXFileReference; lastKnownFileType = sourcecode.swift; path = Measurement.swift; sourceTree = "<group>"; };
		B7D98CA72691CA75009BA1CA /* Account.swift */ = {isa = PBXFileReference; lastKnownFileType = sourcecode.swift; path = Account.swift; sourceTree = "<group>"; };
/* End PBXFileReference section */

/* Begin PBXFrameworksBuildPhase section */
		B7AD0D4D266E643D0023541F /* Frameworks */ = {
			isa = PBXFrameworksBuildPhase;
			buildActionMask = 2147483647;
			files = (
				1D33C1E9FC94E03227D1F3B1 /* Pods_Plantech_iOS.framework in Frameworks */,
			);
			runOnlyForDeploymentPostprocessing = 0;
		};
/* End PBXFrameworksBuildPhase section */

/* Begin PBXGroup section */
		14C2F395DD3F0CFDA2CB5BF3 /* Frameworks */ = {
			isa = PBXGroup;
			children = (
				60E16891BB7D2CFDB975850E /* Pods_Plantech_iOS.framework */,
			);
			name = Frameworks;
			sourceTree = "<group>";
		};
		B7AD0D47266E643D0023541F = {
			isa = PBXGroup;
			children = (
				B7AD0D52266E643D0023541F /* Plantech-iOS */,
				B7AD0D51266E643D0023541F /* Products */,
				DC34AF37FF582011DCECCC98 /* Pods */,
				14C2F395DD3F0CFDA2CB5BF3 /* Frameworks */,
			);
			sourceTree = "<group>";
		};
		B7AD0D51266E643D0023541F /* Products */ = {
			isa = PBXGroup;
			children = (
				B7AD0D50266E643D0023541F /* Plantech-iOS.app */,
			);
			name = Products;
			sourceTree = "<group>";
		};
		B7AD0D52266E643D0023541F /* Plantech-iOS */ = {
			isa = PBXGroup;
			children = (
				B7D76539266E6F1700630B1D /* Models */,
				B7D76538266E6F0D00630B1D /* Views */,
				B7D76535266E6EE200630B1D /* Controllers */,
				B7D76536266E6EFA00630B1D /* Other */,
			);
			path = "Plantech-iOS";
			sourceTree = "<group>";
		};
		B7D76535266E6EE200630B1D /* Controllers */ = {
			isa = PBXGroup;
			children = (
				B7AD0D57266E643D0023541F /* WelcomeViewController.swift */,
				B72236C2266F2B1800E8DC06 /* LoginViewController.swift */,
				B72236C5266F2B2300E8DC06 /* RegisterViewController.swift */,
				B7AD0D68266E67690023541F /* GraphViewController.swift */,
				B7AD0D6C266E67820023541F /* OptionsViewController.swift */,
			);
			path = Controllers;
			sourceTree = "<group>";
		};
		B7D76536266E6EFA00630B1D /* Other */ = {
			isa = PBXGroup;
			children = (
				B7AD0D53266E643D0023541F /* AppDelegate.swift */,
				B7AD0D55266E643D0023541F /* SceneDelegate.swift */,
				B7AD0D5C266E64410023541F /* Assets.xcassets */,
				B7AD0D61266E64410023541F /* Info.plist */,
				B7AD0D6F266E67A20023541F /* Options.plist */,
			);
			path = Other;
			sourceTree = "<group>";
		};
		B7D76538266E6F0D00630B1D /* Views */ = {
			isa = PBXGroup;
			children = (
				B7AD0D59266E643D0023541F /* Main.storyboard */,
				B7AD0D5E266E64410023541F /* LaunchScreen.storyboard */,
			);
			path = Views;
			sourceTree = "<group>";
		};
		B7D76539266E6F1700630B1D /* Models */ = {
			isa = PBXGroup;
			children = (
				B7D7653A266E6F8200630B1D /* CallManager.swift */,
				B7D7653E266E703A00630B1D /* Measurement.swift */,
				B7B4D1702684531100A20502 /* Sensor.swift */,
				B7D98CA72691CA75009BA1CA /* Account.swift */,
			);
			path = Models;
			sourceTree = "<group>";
		};
		DC34AF37FF582011DCECCC98 /* Pods */ = {
			isa = PBXGroup;
			children = (
				42DE8F5FBECBEDECECF411E6 /* Pods-Plantech-iOS.debug.xcconfig */,
				494DC77AFF992DAD1C8B6E24 /* Pods-Plantech-iOS.release.xcconfig */,
			);
			path = Pods;
			sourceTree = "<group>";
		};
/* End PBXGroup section */

/* Begin PBXNativeTarget section */
		B7AD0D4F266E643D0023541F /* Plantech-iOS */ = {
			isa = PBXNativeTarget;
			buildConfigurationList = B7AD0D64266E64410023541F /* Build configuration list for PBXNativeTarget "Plantech-iOS" */;
			buildPhases = (
				AE492FD2197D8B9117866373 /* [CP] Check Pods Manifest.lock */,
				B7AD0D4C266E643D0023541F /* Sources */,
				B7AD0D4D266E643D0023541F /* Frameworks */,
				B7AD0D4E266E643D0023541F /* Resources */,
				DB6BEB341C9B5C70635C8BAD /* [CP] Embed Pods Frameworks */,
			);
			buildRules = (
			);
			dependencies = (
			);
			name = "Plantech-iOS";
			productName = "Plantech-iOS";
			productReference = B7AD0D50266E643D0023541F /* Plantech-iOS.app */;
			productType = "com.apple.product-type.application";
		};
/* End PBXNativeTarget section */

/* Begin PBXProject section */
		B7AD0D48266E643D0023541F /* Project object */ = {
			isa = PBXProject;
			attributes = {
				LastSwiftUpdateCheck = 1240;
				LastUpgradeCheck = 1240;
				TargetAttributes = {
					B7AD0D4F266E643D0023541F = {
						CreatedOnToolsVersion = 12.4;
					};
				};
			};
			buildConfigurationList = B7AD0D4B266E643D0023541F /* Build configuration list for PBXProject "Plantech-iOS" */;
			compatibilityVersion = "Xcode 9.3";
			developmentRegion = en;
			hasScannedForEncodings = 0;
			knownRegions = (
				en,
				Base,
			);
			mainGroup = B7AD0D47266E643D0023541F;
			productRefGroup = B7AD0D51266E643D0023541F /* Products */;
			projectDirPath = "";
			projectRoot = "";
			targets = (
				B7AD0D4F266E643D0023541F /* Plantech-iOS */,
			);
		};
/* End PBXProject section */

/* Begin PBXResourcesBuildPhase section */
		B7AD0D4E266E643D0023541F /* Resources */ = {
			isa = PBXResourcesBuildPhase;
			buildActionMask = 2147483647;
			files = (
				B7AD0D60266E64410023541F /* LaunchScreen.storyboard in Resources */,
				B7AD0D5D266E64410023541F /* Assets.xcassets in Resources */,
				B7AD0D5B266E643D0023541F /* Main.storyboard in Resources */,
				B7AD0D70266E67A20023541F /* Options.plist in Resources */,
			);
			runOnlyForDeploymentPostprocessing = 0;
		};
/* End PBXResourcesBuildPhase section */

/* Begin PBXShellScriptBuildPhase section */
		AE492FD2197D8B9117866373 /* [CP] Check Pods Manifest.lock */ = {
			isa = PBXShellScriptBuildPhase;
			buildActionMask = 2147483647;
			files = (
			);
			inputFileListPaths = (
			);
			inputPaths = (
				"${PODS_PODFILE_DIR_PATH}/Podfile.lock",
				"${PODS_ROOT}/Manifest.lock",
			);
			name = "[CP] Check Pods Manifest.lock";
			outputFileListPaths = (
			);
			outputPaths = (
				"$(DERIVED_FILE_DIR)/Pods-Plantech-iOS-checkManifestLockResult.txt",
			);
			runOnlyForDeploymentPostprocessing = 0;
			shellPath = /bin/sh;
			shellScript = "diff \"${PODS_PODFILE_DIR_PATH}/Podfile.lock\" \"${PODS_ROOT}/Manifest.lock\" > /dev/null\nif [ $? != 0 ] ; then\n    # print error to STDERR\n    echo \"error: The sandbox is not in sync with the Podfile.lock. Run 'pod install' or update your CocoaPods installation.\" >&2\n    exit 1\nfi\n# This output is used by Xcode 'outputs' to avoid re-running this script phase.\necho \"SUCCESS\" > \"${SCRIPT_OUTPUT_FILE_0}\"\n";
			showEnvVarsInLog = 0;
		};
		DB6BEB341C9B5C70635C8BAD /* [CP] Embed Pods Frameworks */ = {
			isa = PBXShellScriptBuildPhase;
			buildActionMask = 2147483647;
			files = (
			);
			inputFileListPaths = (
				"${PODS_ROOT}/Target Support Files/Pods-Plantech-iOS/Pods-Plantech-iOS-frameworks-${CONFIGURATION}-input-files.xcfilelist",
			);
			name = "[CP] Embed Pods Frameworks";
			outputFileListPaths = (
				"${PODS_ROOT}/Target Support Files/Pods-Plantech-iOS/Pods-Plantech-iOS-frameworks-${CONFIGURATION}-output-files.xcfilelist",
			);
			runOnlyForDeploymentPostprocessing = 0;
			shellPath = /bin/sh;
			shellScript = "\"${PODS_ROOT}/Target Support Files/Pods-Plantech-iOS/Pods-Plantech-iOS-frameworks.sh\"\n";
			showEnvVarsInLog = 0;
		};
/* End PBXShellScriptBuildPhase section */

/* Begin PBXSourcesBuildPhase section */
		B7AD0D4C266E643D0023541F /* Sources */ = {
			isa = PBXSourcesBuildPhase;
			buildActionMask = 2147483647;
			files = (
				B72236C6266F2B2300E8DC06 /* RegisterViewController.swift in Sources */,
				B7D98CA82691CA75009BA1CA /* Account.swift in Sources */,
				B7B4D1712684531100A20502 /* Sensor.swift in Sources */,
				B7AD0D6D266E67820023541F /* OptionsViewController.swift in Sources */,
				B7AD0D58266E643D0023541F /* WelcomeViewController.swift in Sources */,
				B7AD0D69266E67690023541F /* GraphViewController.swift in Sources */,
				B7D7653B266E6F8200630B1D /* CallManager.swift in Sources */,
				B72236C3266F2B1800E8DC06 /* LoginViewController.swift in Sources */,
				B7AD0D54266E643D0023541F /* AppDelegate.swift in Sources */,
				B7AD0D56266E643D0023541F /* SceneDelegate.swift in Sources */,
				B7D7653F266E703A00630B1D /* Measurement.swift in Sources */,
			);
			runOnlyForDeploymentPostprocessing = 0;
		};
/* End PBXSourcesBuildPhase section */

/* Begin PBXVariantGroup section */
		B7AD0D59266E643D0023541F /* Main.storyboard */ = {
			isa = PBXVariantGroup;
			children = (
				B7AD0D5A266E643D0023541F /* Base */,
			);
			name = Main.storyboard;
			sourceTree = "<group>";
		};
		B7AD0D5E266E64410023541F /* LaunchScreen.storyboard */ = {
			isa = PBXVariantGroup;
			children = (
				B7AD0D5F266E64410023541F /* Base */,
			);
			name = LaunchScreen.storyboard;
			sourceTree = "<group>";
		};
/* End PBXVariantGroup section */

/* Begin XCBuildConfiguration section */
		B7AD0D62266E64410023541F /* Debug */ = {
			isa = XCBuildConfiguration;
			buildSettings = {
				ALWAYS_SEARCH_USER_PATHS = NO;
				CLANG_ANALYZER_NONNULL = YES;
				CLANG_ANALYZER_NUMBER_OBJECT_CONVERSION = YES_AGGRESSIVE;
				CLANG_CXX_LANGUAGE_STANDARD = "gnu++14";
				CLANG_CXX_LIBRARY = "libc++";
				CLANG_ENABLE_MODULES = YES;
				CLANG_ENABLE_OBJC_ARC = YES;
				CLANG_ENABLE_OBJC_WEAK = YES;
				CLANG_WARN_BLOCK_CAPTURE_AUTORELEASING = YES;
				CLANG_WARN_BOOL_CONVERSION = YES;
				CLANG_WARN_COMMA = YES;
				CLANG_WARN_CONSTANT_CONVERSION = YES;
				CLANG_WARN_DEPRECATED_OBJC_IMPLEMENTATIONS = YES;
				CLANG_WARN_DIRECT_OBJC_ISA_USAGE = YES_ERROR;
				CLANG_WARN_DOCUMENTATION_COMMENTS = YES;
				CLANG_WARN_EMPTY_BODY = YES;
				CLANG_WARN_ENUM_CONVERSION = YES;
				CLANG_WARN_INFINITE_RECURSION = YES;
				CLANG_WARN_INT_CONVERSION = YES;
				CLANG_WARN_NON_LITERAL_NULL_CONVERSION = YES;
				CLANG_WARN_OBJC_IMPLICIT_RETAIN_SELF = YES;
				CLANG_WARN_OBJC_LITERAL_CONVERSION = YES;
				CLANG_WARN_OBJC_ROOT_CLASS = YES_ERROR;
				CLANG_WARN_QUOTED_INCLUDE_IN_FRAMEWORK_HEADER = YES;
				CLANG_WARN_RANGE_LOOP_ANALYSIS = YES;
				CLANG_WARN_STRICT_PROTOTYPES = YES;
				CLANG_WARN_SUSPICIOUS_MOVE = YES;
				CLANG_WARN_UNGUARDED_AVAILABILITY = YES_AGGRESSIVE;
				CLANG_WARN_UNREACHABLE_CODE = YES;
				CLANG_WARN__DUPLICATE_METHOD_MATCH = YES;
				COPY_PHASE_STRIP = NO;
				DEBUG_INFORMATION_FORMAT = dwarf;
				ENABLE_STRICT_OBJC_MSGSEND = YES;
				ENABLE_TESTABILITY = YES;
				GCC_C_LANGUAGE_STANDARD = gnu11;
				GCC_DYNAMIC_NO_PIC = NO;
				GCC_NO_COMMON_BLOCKS = YES;
				GCC_OPTIMIZATION_LEVEL = 0;
				GCC_PREPROCESSOR_DEFINITIONS = (
					"DEBUG=1",
					"$(inherited)",
				);
				GCC_WARN_64_TO_32_BIT_CONVERSION = YES;
				GCC_WARN_ABOUT_RETURN_TYPE = YES_ERROR;
				GCC_WARN_UNDECLARED_SELECTOR = YES;
				GCC_WARN_UNINITIALIZED_AUTOS = YES_AGGRESSIVE;
				GCC_WARN_UNUSED_FUNCTION = YES;
				GCC_WARN_UNUSED_VARIABLE = YES;
				IPHONEOS_DEPLOYMENT_TARGET = 14.4;
				MTL_ENABLE_DEBUG_INFO = INCLUDE_SOURCE;
				MTL_FAST_MATH = YES;
				ONLY_ACTIVE_ARCH = YES;
				SDKROOT = iphoneos;
				SWIFT_ACTIVE_COMPILATION_CONDITIONS = DEBUG;
				SWIFT_OPTIMIZATION_LEVEL = "-Onone";
			};
			name = Debug;
		};
		B7AD0D63266E64410023541F /* Release */ = {
			isa = XCBuildConfiguration;
			buildSettings = {
				ALWAYS_SEARCH_USER_PATHS = NO;
				CLANG_ANALYZER_NONNULL = YES;
				CLANG_ANALYZER_NUMBER_OBJECT_CONVERSION = YES_AGGRESSIVE;
				CLANG_CXX_LANGUAGE_STANDARD = "gnu++14";
				CLANG_CXX_LIBRARY = "libc++";
				CLANG_ENABLE_MODULES = YES;
				CLANG_ENABLE_OBJC_ARC = YES;
				CLANG_ENABLE_OBJC_WEAK = YES;
				CLANG_WARN_BLOCK_CAPTURE_AUTORELEASING = YES;
				CLANG_WARN_BOOL_CONVERSION = YES;
				CLANG_WARN_COMMA = YES;
				CLANG_WARN_CONSTANT_CONVERSION = YES;
				CLANG_WARN_DEPRECATED_OBJC_IMPLEMENTATIONS = YES;
				CLANG_WARN_DIRECT_OBJC_ISA_USAGE = YES_ERROR;
				CLANG_WARN_DOCUMENTATION_COMMENTS = YES;
				CLANG_WARN_EMPTY_BODY = YES;
				CLANG_WARN_ENUM_CONVERSION = YES;
				CLANG_WARN_INFINITE_RECURSION = YES;
				CLANG_WARN_INT_CONVERSION = YES;
				CLANG_WARN_NON_LITERAL_NULL_CONVERSION = YES;
				CLANG_WARN_OBJC_IMPLICIT_RETAIN_SELF = YES;
				CLANG_WARN_OBJC_LITERAL_CONVERSION = YES;
				CLANG_WARN_OBJC_ROOT_CLASS = YES_ERROR;
				CLANG_WARN_QUOTED_INCLUDE_IN_FRAMEWORK_HEADER = YES;
				CLANG_WARN_RANGE_LOOP_ANALYSIS = YES;
				CLANG_WARN_STRICT_PROTOTYPES = YES;
				CLANG_WARN_SUSPICIOUS_MOVE = YES;
				CLANG_WARN_UNGUARDED_AVAILABILITY = YES_AGGRESSIVE;
				CLANG_WARN_UNREACHABLE_CODE = YES;
				CLANG_WARN__DUPLICATE_METHOD_MATCH = YES;
				COPY_PHASE_STRIP = NO;
				DEBUG_INFORMATION_FORMAT = "dwarf-with-dsym";
				ENABLE_NS_ASSERTIONS = NO;
				ENABLE_STRICT_OBJC_MSGSEND = YES;
				GCC_C_LANGUAGE_STANDARD = gnu11;
				GCC_NO_COMMON_BLOCKS = YES;
				GCC_WARN_64_TO_32_BIT_CONVERSION = YES;
				GCC_WARN_ABOUT_RETURN_TYPE = YES_ERROR;
				GCC_WARN_UNDECLARED_SELECTOR = YES;
				GCC_WARN_UNINITIALIZED_AUTOS = YES_AGGRESSIVE;
				GCC_WARN_UNUSED_FUNCTION = YES;
				GCC_WARN_UNUSED_VARIABLE = YES;
				IPHONEOS_DEPLOYMENT_TARGET = 14.4;
				MTL_ENABLE_DEBUG_INFO = NO;
				MTL_FAST_MATH = YES;
				SDKROOT = iphoneos;
				SWIFT_COMPILATION_MODE = wholemodule;
				SWIFT_OPTIMIZATION_LEVEL = "-O";
				VALIDATE_PRODUCT = YES;
			};
			name = Release;
		};
		B7AD0D65266E64410023541F /* Debug */ = {
			isa = XCBuildConfiguration;
			baseConfigurationReference = 42DE8F5FBECBEDECECF411E6 /* Pods-Plantech-iOS.debug.xcconfig */;
			buildSettings = {
				ASSETCATALOG_COMPILER_APPICON_NAME = AppIcon;
				ASSETCATALOG_COMPILER_GLOBAL_ACCENT_COLOR_NAME = AccentColor;
				CODE_SIGN_STYLE = Automatic;
				DEVELOPMENT_TEAM = KMCM2MNH96;
				INFOPLIST_FILE = "Plantech-iOS/Other/Info.plist";
				LD_RUNPATH_SEARCH_PATHS = (
					"$(inherited)",
					"@executable_path/Frameworks",
				);
				PRODUCT_BUNDLE_IDENTIFIER = "co.nest.Plantech-iOS";
				PRODUCT_NAME = "$(TARGET_NAME)";
				SWIFT_VERSION = 5.0;
				TARGETED_DEVICE_FAMILY = "1,2";
			};
			name = Debug;
		};
		B7AD0D66266E64410023541F /* Release */ = {
			isa = XCBuildConfiguration;
			baseConfigurationReference = 494DC77AFF992DAD1C8B6E24 /* Pods-Plantech-iOS.release.xcconfig */;
			buildSettings = {
				ASSETCATALOG_COMPILER_APPICON_NAME = AppIcon;
				ASSETCATALOG_COMPILER_GLOBAL_ACCENT_COLOR_NAME = AccentColor;
				CODE_SIGN_STYLE = Automatic;
				DEVELOPMENT_TEAM = KMCM2MNH96;
				INFOPLIST_FILE = "Plantech-iOS/Other/Info.plist";
				LD_RUNPATH_SEARCH_PATHS = (
					"$(inherited)",
					"@executable_path/Frameworks",
				);
				PRODUCT_BUNDLE_IDENTIFIER = "co.nest.Plantech-iOS";
				PRODUCT_NAME = "$(TARGET_NAME)";
				SWIFT_VERSION = 5.0;
				TARGETED_DEVICE_FAMILY = "1,2";
			};
			name = Release;
		};
/* End XCBuildConfiguration section */

/* Begin XCConfigurationList section */
		B7AD0D4B266E643D0023541F /* Build configuration list for PBXProject "Plantech-iOS" */ = {
			isa = XCConfigurationList;
			buildConfigurations = (
				B7AD0D62266E64410023541F /* Debug */,
				B7AD0D63266E64410023541F /* Release */,
			);
			defaultConfigurationIsVisible = 0;
			defaultConfigurationName = Release;
		};
		B7AD0D64266E64410023541F /* Build configuration list for PBXNativeTarget "Plantech-iOS" */ = {
			isa = XCConfigurationList;
			buildConfigurations = (
				B7AD0D65266E64410023541F /* Debug */,
				B7AD0D66266E64410023541F /* Release */,
			);
			defaultConfigurationIsVisible = 0;
			defaultConfigurationName = Release;
		};
/* End XCConfigurationList section */
	};
	rootObject = B7AD0D48266E643D0023541F /* Project object */;
}
